
Microsoft Visual Studio Solution File, Format Version 12.00
# Visual Studio Version 17
VisualStudioVersion = 17.3.32929.385
MinimumVisualStudioVersion = 10.0.40219.1
Project("{FAE04EC0-301F-11D3-BF4B-00C04F79EFBC}") = "Conditionals", "Conditionals\Conditionals.csproj", "{F6836E93-79BB-490D-8E25-7BFF4F7A92F7}"
EndProject
Global
	GlobalSection(SolutionConfigurationPlatforms) = preSolution
		Debug|Any CPU = Debug|Any CPU
		Release|Any CPU = Release|Any CPU
	EndGlobalSection
	GlobalSection(ProjectConfigurationPlatforms) = postSolution
		{F6836E93-79BB-490D-8E25-7BFF4F7A92F7}.Debug|Any CPU.ActiveCfg = Debug|Any CPU
		{F6836E93-79BB-490D-8E25-7BFF4F7A92F7}.Debug|Any CPU.Build.0 = Debug|Any CPU
		{F6836E93-79BB-490D-8E25-7BFF4F7A92F7}.Release|Any CPU.ActiveCfg = Release|Any CPU
		{F6836E93-79BB-490D-8E25-7BFF4F7A92F7}.Release|Any CPU.Build.0 = Release|Any CPU
	EndGlobalSection
	GlobalSection(SolutionProperties) = preSolution
		HideSolutionNode = FALSE
	EndGlobalSection
	GlobalSection(ExtensibilityGlobals) = postSolution
		SolutionGuid = {CC70A831-D043-469B-97FA-8B28A0245642}
	EndGlobalSection
EndGlobal
